# This file is generated by running "yarn install" inside your project.
# Manual changes might be lost - proceed with caution!

__metadata:
  version: 8
  cacheKey: 10c0

"node-fetch-benchmark@workspace:.":
  version: 0.0.0-use.local
  resolution: "node-fetch-benchmark@workspace:."
  dependencies:
    undici: "npm:^6.19.4"
  languageName: unknown
  linkType: soft

"undici@npm:^6.19.4":
  version: 6.19.4
  resolution: "undici@npm:6.19.4"
  checksum: 10c0/d6cb7227893140abab3c216bd2817f24a34270b23be316ff9ddbdbb18e3b528e29e0a20cd33ab1bc0d3f604d652e7baf3f39f6760470b3027d83bc6270f90e43
  languageName: node
  linkType: hard
